<?xml version="1.0" encoding="utf-8"?>
<Project ToolsVersion="4.0" xmlns="http://schemas.microsoft.com/developer/msbuild/2003">
  <ItemGroup>
    <Filter Include="Source Files">
      <UniqueIdentifier>{4FC737F1-C7A5-4376-A066-2A32D752A2FF}</UniqueIdentifier>
      <Extensions>cpp;c;cc;cxx;c++;cppm;ixx;def;odl;idl;hpj;bat;asm;asmx</Extensions>
    </Filter>
    <Filter Include="Header Files">
      <UniqueIdentifier>{93995380-89BD-4b04-88EB-625FBE52EBFB}</UniqueIdentifier>
      <Extensions>h;hh;hpp;hxx;h++;hm;inl;inc;ipp;xsd</Extensions>
    </Filter>
    <Filter Include="Resource Files">
      <UniqueIdentifier>{67DA6AB6-F800-4c08-8B7A-83BB121AAD01}</UniqueIdentifier>
      <Extensions>rc;ico;cur;bmp;dlg;rc2;rct;bin;rgs;gif;jpg;jpeg;jpe;resx;tiff;tif;png;wav;mfcribbon-ms</Extensions>
    </Filter>
    <Filter Include="States">
      <UniqueIdentifier>{8575db07-35d1-4a60-9476-574de6e36e69}</UniqueIdentifier>
    </Filter>
    <Filter Include="Entities">
      <UniqueIdentifier>{576f2242-ddac-4d81-b006-569bcac63b87}</UniqueIdentifier>
    </Filter>
    <Filter Include="Entities\Components">
      <UniqueIdentifier>{9a0c73bc-8f27-4a4e-8648-5a96acd3a242}</UniqueIdentifier>
    </Filter>
    <Filter Include="GUI">
      <UniqueIdentifier>{e993d848-9343-4882-9720-3e18c4e891ec}</UniqueIdentifier>
    </Filter>
    <Filter Include="Map">
      <UniqueIdentifier>{beb7ddea-7b6c-4154-8d9a-85b6e65bbb93}</UniqueIdentifier>
    </Filter>
    <Filter Include="Map\Tiles">
      <UniqueIdentifier>{b1fe21b3-3a80-4e71-9394-bfe624326b42}</UniqueIdentifier>
    </Filter>
    <Filter Include="Shaders">
      <UniqueIdentifier>{82686df0-4691-4af4-b85c-1f7b8d0bddc5}</UniqueIdentifier>
    </Filter>
    <Filter Include="Items">
      <UniqueIdentifier>{14b5998d-c221-42c0-bb72-ea605bc00c3d}</UniqueIdentifier>
    </Filter>
    <Filter Include="GUI\Menus">
      <UniqueIdentifier>{75c763be-58cd-43a2-a653-ddd8e0209b6b}</UniqueIdentifier>
    </Filter>
    <Filter Include="States\EditorModes">
      <UniqueIdentifier>{aad3fbf2-204e-48fa-9f39-86a1c8e6e842}</UniqueIdentifier>
    </Filter>
    <Filter Include="Entities\Enemies">
      <UniqueIdentifier>{058f5d12-03fd-4a71-8f21-5d055ad30359}</UniqueIdentifier>
    </Filter>
    <Filter Include="Items\Components">
      <UniqueIdentifier>{81be94b3-9731-4e7a-9062-91e2007ea639}</UniqueIdentifier>
    </Filter>
    <Filter Include="Items\Components\General">
      <UniqueIdentifier>{7a7acff3-2c30-49ae-9c87-42eba186fdb3}</UniqueIdentifier>
    </Filter>
    <Filter Include="Items\Components\Classes">
      <UniqueIdentifier>{9857eae6-7637-4b1e-9b3e-1704d30c9019}</UniqueIdentifier>
    </Filter>
    <Filter Include="Entities\Components\General">
      <UniqueIdentifier>{e5dca903-52a2-4f93-b1b6-6da40ad95ed6}</UniqueIdentifier>
    </Filter>
    <Filter Include="Entities\Components\Entities">
      <UniqueIdentifier>{018dabde-e95b-4f3c-aac1-ba696aa906d4}</UniqueIdentifier>
    </Filter>
    <Filter Include="Entities\Components\Entities\Player">
      <UniqueIdentifier>{1c1c3d55-2f13-435b-8b52-ffca5fbdb2ec}</UniqueIdentifier>
    </Filter>
    <Filter Include="Entities\Components\Entities\Enemy">
      <UniqueIdentifier>{4d40f61e-2158-4a04-9007-86d8fada047a}</UniqueIdentifier>
    </Filter>
    <Filter Include="GUI\Tabs">
      <UniqueIdentifier>{e38293f9-2848-4767-9183-c703a1240346}</UniqueIdentifier>
    </Filter>
    <Filter Include="Entities\Components\Entities\Enemy\EnemyAi">
      <UniqueIdentifier>{550b69e2-93c3-47a8-b0c3-af7cd531b1ec}</UniqueIdentifier>
    </Filter>
    <Filter Include="Physics">
      <UniqueIdentifier>{74e40b8b-06a3-4ea1-a15b-4470639e60fc}</UniqueIdentifier>
    </Filter>
  </ItemGroup>
  <ItemGroup>
    <ClCompile Include="main.cpp">
      <Filter>Source Files</Filter>
    </ClCompile>
    <ClCompile Include="Game.cpp">
      <Filter>Source Files</Filter>
    </ClCompile>
    <ClCompile Include="GameState.cpp">
      <Filter>States</Filter>
    </ClCompile>
    <ClCompile Include="State.cpp">
      <Filter>States</Filter>
    </ClCompile>
    <ClCompile Include="Entity.cpp">
      <Filter>Entities</Filter>
    </ClCompile>
    <ClCompile Include="MainMenuState.cpp">
      <Filter>States</Filter>
    </ClCompile>
    <ClCompile Include="EditorState.cpp">
      <Filter>States</Filter>
    </ClCompile>
    <ClCompile Include="SettingsState.cpp">
      <Filter>States</Filter>
    </ClCompile>
    <ClCompile Include="Gui.cpp">
      <Filter>GUI</Filter>
    </ClCompile>
    <ClCompile Include="Tile.cpp">
      <Filter>Map\Tiles</Filter>
    </ClCompile>
    <ClCompile Include="TileMap.cpp">
      <Filter>Map</Filter>
    </ClCompile>
    <ClCompile Include="stdafx.cpp">
      <Filter>Header Files</Filter>
    </ClCompile>
    <ClCompile Include="GraphicsSettings.cpp">
      <Filter>Source Files</Filter>
    </ClCompile>
    <ClCompile Include="PlayerGui.cpp">
      <Filter>GUI</Filter>
    </ClCompile>
    <ClCompile Include="Bullet.cpp">
      <Filter>Entities</Filter>
    </ClCompile>
    <ClCompile Include="Item.cpp">
      <Filter>Items</Filter>
    </ClCompile>
    <ClCompile Include="EnemySpawner.cpp">
      <Filter>Map\Tiles</Filter>
    </ClCompile>
    <ClCompile Include="PauseMenu.cpp">
      <Filter>GUI\Menus</Filter>
    </ClCompile>
    <ClCompile Include="PlayerStatMenu.cpp">
      <Filter>GUI\Menus</Filter>
    </ClCompile>
    <ClCompile Include="EditorMode.cpp">
      <Filter>States\EditorModes</Filter>
    </ClCompile>
    <ClCompile Include="DefaultEditorMode.cpp">
      <Filter>States\EditorModes</Filter>
    </ClCompile>
    <ClCompile Include="Player.cpp">
      <Filter>Entities</Filter>
    </ClCompile>
    <ClCompile Include="EnemyEditorMode.cpp">
      <Filter>States\EditorModes</Filter>
    </ClCompile>
    <ClCompile Include="Enemy.cpp">
      <Filter>Entities\Enemies</Filter>
    </ClCompile>
    <ClCompile Include="EnemyLibrary.cpp">
      <Filter>Entities\Enemies</Filter>
    </ClCompile>
    <ClCompile Include="Inventory.cpp">
      <Filter>Items</Filter>
    </ClCompile>
    <ClCompile Include="ItemComponent.cpp">
      <Filter>Items\Components\General</Filter>
    </ClCompile>
    <ClCompile Include="ItemInfo.cpp">
      <Filter>Items\Components\General</Filter>
    </ClCompile>
    <ClCompile Include="itemSprite.cpp">
      <Filter>Items\Components\General</Filter>
    </ClCompile>
    <ClCompile Include="RuneComponent.cpp">
      <Filter>Items\Components\Classes</Filter>
    </ClCompile>
    <ClCompile Include="Weapon.cpp">
      <Filter>Items\Components\Classes</Filter>
    </ClCompile>
    <ClCompile Include="tinyxml2.cpp">
      <Filter>Resource Files</Filter>
    </ClCompile>
    <ClCompile Include="TextTagSystem.cpp">
      <Filter>GUI</Filter>
    </ClCompile>
    <ClCompile Include="AnimationC.cpp">
      <Filter>Entities\Components\Entities</Filter>
    </ClCompile>
    <ClCompile Include="Attribute.cpp">
      <Filter>Entities\Components\Entities</Filter>
    </ClCompile>
    <ClCompile Include="Component.cpp">
      <Filter>Entities\Components\General</Filter>
    </ClCompile>
    <ClCompile Include="Combat.cpp">
      <Filter>Entities\Components\Entities</Filter>
    </ClCompile>
    <ClCompile Include="EnemyData.cpp">
      <Filter>Entities\Components\Entities\Enemy</Filter>
    </ClCompile>
    <ClCompile Include="Hitbox.cpp">
      <Filter>Entities\Components\Entities</Filter>
    </ClCompile>
    <ClCompile Include="ItemComp.cpp">
      <Filter>Entities\Components\Entities\Player</Filter>
    </ClCompile>
    <ClCompile Include="Movement.cpp">
      <Filter>Entities\Components\Entities</Filter>
    </ClCompile>
    <ClCompile Include="Skills.cpp">
      <Filter>Entities\Components\Entities\Player</Filter>
    </ClCompile>
    <ClCompile Include="UserInput.cpp">
      <Filter>Entities\Components\Entities\Player</Filter>
    </ClCompile>
    <ClCompile Include="enemyGui.cpp">
      <Filter>Entities\Components\Entities\Enemy</Filter>
    </ClCompile>
    <ClCompile Include="ItemLibrary.cpp">
      <Filter>Items</Filter>
    </ClCompile>
    <ClCompile Include="Tab.cpp">
      <Filter>GUI\Tabs</Filter>
    </ClCompile>
    <ClCompile Include="CharacterTab.cpp">
      <Filter>GUI\Tabs</Filter>
    </ClCompile>
    <ClCompile Include="PlayerGuiTabs.cpp">
      <Filter>GUI\Tabs</Filter>
    </ClCompile>
    <ClCompile Include="enemyAi.cpp">
      <Filter>Entities\Components\Entities\Enemy\EnemyAi</Filter>
    </ClCompile>
    <ClCompile Include="AISetting.cpp">
      <Filter>Entities\Components\Entities\Enemy\EnemyAi</Filter>
    </ClCompile>
    <ClCompile Include="AIFollow.cpp">
      <Filter>Entities\Components\Entities\Enemy\EnemyAi</Filter>
    </ClCompile>
    <ClCompile Include="AIRoaming.cpp">
      <Filter>Entities\Components\Entities\Enemy\EnemyAi</Filter>
    </ClCompile>
    <ClCompile Include="physicsComponent.cpp">
      <Filter>Entities\Components\General</Filter>
    </ClCompile>
    <ClCompile Include="PhysicsDevice.cpp">
      <Filter>Physics</Filter>
    </ClCompile>
    <ClCompile Include="ContactListener.cpp">
      <Filter>Physics</Filter>
    </ClCompile>
    <ClCompile Include="bulletC.cpp">
      <Filter>Entities\Components\Entities</Filter>
    </ClCompile>
    <ClCompile Include="b2GLDraw.cpp">
      <Filter>Physics</Filter>
    </ClCompile>
  </ItemGroup>
  <ItemGroup>
    <ClInclude Include="GameState.h">
      <Filter>States</Filter>
    </ClInclude>
    <ClInclude Include="State.h">
      <Filter>States</Filter>
    </ClInclude>
    <ClInclude Include="Entity.h">
      <Filter>Entities</Filter>
    </ClInclude>
    <ClInclude Include="MainMenuState.h">
      <Filter>States</Filter>
    </ClInclude>
    <ClInclude Include="Player.h">
      <Filter>Entities</Filter>
    </ClInclude>
    <ClInclude Include="EditorState.h">
      <Filter>States</Filter>
    </ClInclude>
    <ClInclude Include="SettingsState.h">
      <Filter>States</Filter>
    </ClInclude>
    <ClInclude Include="Gui.h">
      <Filter>GUI</Filter>
    </ClInclude>
    <ClInclude Include="Tile.h">
      <Filter>Map\Tiles</Filter>
    </ClInclude>
    <ClInclude Include="TileMap.h">
      <Filter>Map</Filter>
    </ClInclude>
    <ClInclude Include="stdafx.h">
      <Filter>Header Files</Filter>
    </ClInclude>
    <ClInclude Include="GraphicsSettings.h">
      <Filter>Header Files</Filter>
    </ClInclude>
    <ClInclude Include="PlayerGui.h">
      <Filter>GUI</Filter>
    </ClInclude>
    <ClInclude Include="Bullet.h">
      <Filter>Entities</Filter>
    </ClInclude>
    <ClInclude Include="Item.h">
      <Filter>Items</Filter>
    </ClInclude>
    <ClInclude Include="EnemySpawner.h">
      <Filter>Map\Tiles</Filter>
    </ClInclude>
    <ClInclude Include="PauseMenu.h">
      <Filter>GUI\Menus</Filter>
    </ClInclude>
    <ClInclude Include="PlayerStatMenu.h">
      <Filter>GUI\Menus</Filter>
    </ClInclude>
    <ClInclude Include="EditorMode.h">
      <Filter>States\EditorModes</Filter>
    </ClInclude>
    <ClInclude Include="DefaultEditorMode.h">
      <Filter>States\EditorModes</Filter>
    </ClInclude>
    <ClInclude Include="EditorModes.h">
      <Filter>States\EditorModes</Filter>
    </ClInclude>
    <ClInclude Include="EnemyEditorMode.h">
      <Filter>States\EditorModes</Filter>
    </ClInclude>
    <ClInclude Include="Enemy.h">
      <Filter>Entities\Enemies</Filter>
    </ClInclude>
    <ClInclude Include="EnemyLibrary.h">
      <Filter>Entities\Enemies</Filter>
    </ClInclude>
    <ClInclude Include="Inventory.h">
      <Filter>Items</Filter>
    </ClInclude>
    <ClInclude Include="Game.h">
      <Filter>Header Files</Filter>
    </ClInclude>
    <ClInclude Include="itemSprite.h">
      <Filter>Items\Components\General</Filter>
    </ClInclude>
    <ClInclude Include="ItemInfo.h">
      <Filter>Items\Components\General</Filter>
    </ClInclude>
    <ClInclude Include="ItemComponent.h">
      <Filter>Items\Components\General</Filter>
    </ClInclude>
    <ClInclude Include="RuneComponent.h">
      <Filter>Items\Components\Classes</Filter>
    </ClInclude>
    <ClInclude Include="itemComponentInlcudes.h">
      <Filter>Items\Components</Filter>
    </ClInclude>
    <ClInclude Include="Weapon.h">
      <Filter>Items\Components\Classes</Filter>
    </ClInclude>
    <ClInclude Include="tinyxml2.h">
      <Filter>Resource Files</Filter>
    </ClInclude>
    <ClInclude Include="TextTagSystem.h">
      <Filter>GUI</Filter>
    </ClInclude>
    <ClInclude Include="AnimationC.h">
      <Filter>Entities\Components\Entities</Filter>
    </ClInclude>
    <ClInclude Include="Attribute.h">
      <Filter>Entities\Components\Entities</Filter>
    </ClInclude>
    <ClInclude Include="Combat.h">
      <Filter>Entities\Components\Entities</Filter>
    </ClInclude>
    <ClInclude Include="ComponentInclude.h">
      <Filter>Entities\Components\General</Filter>
    </ClInclude>
    <ClInclude Include="Component.h">
      <Filter>Entities\Components\General</Filter>
    </ClInclude>
    <ClInclude Include="EnemyData.h">
      <Filter>Entities\Components\Entities\Enemy</Filter>
    </ClInclude>
    <ClInclude Include="Hitbox.h">
      <Filter>Entities\Components\Entities</Filter>
    </ClInclude>
    <ClInclude Include="ItemComp.h">
      <Filter>Entities\Components\Entities\Player</Filter>
    </ClInclude>
    <ClInclude Include="Movement.h">
      <Filter>Entities\Components\Entities</Filter>
    </ClInclude>
    <ClInclude Include="Presets.h">
      <Filter>Entities\Components\General</Filter>
    </ClInclude>
    <ClInclude Include="Skills.h">
      <Filter>Entities\Components\Entities\Player</Filter>
    </ClInclude>
    <ClInclude Include="UserInput.h">
      <Filter>Entities\Components\Entities\Player</Filter>
    </ClInclude>
    <ClInclude Include="enemyGui.h">
      <Filter>Entities\Components\Entities\Enemy</Filter>
    </ClInclude>
    <ClInclude Include="ItemLibrary.h">
      <Filter>Items</Filter>
    </ClInclude>
    <ClInclude Include="ItemPresets.h">
      <Filter>Items</Filter>
    </ClInclude>
    <ClInclude Include="Tab.h">
      <Filter>GUI\Tabs</Filter>
    </ClInclude>
    <ClInclude Include="CharacterTab.h">
      <Filter>GUI\Tabs</Filter>
    </ClInclude>
    <ClInclude Include="PlayerGuiTabs.h">
      <Filter>GUI\Tabs</Filter>
    </ClInclude>
    <ClInclude Include="enemyAi.h">
      <Filter>Entities\Components\Entities\Enemy\EnemyAi</Filter>
    </ClInclude>
    <ClInclude Include="AISetting.h">
      <Filter>Entities\Components\Entities\Enemy\EnemyAi</Filter>
    </ClInclude>
    <ClInclude Include="AIFollow.h">
      <Filter>Entities\Components\Entities\Enemy\EnemyAi</Filter>
    </ClInclude>
    <ClInclude Include="AIRoaming.h">
      <Filter>Entities\Components\Entities\Enemy\EnemyAi</Filter>
    </ClInclude>
    <ClInclude Include="physicsComponent.h">
      <Filter>Entities\Components\General</Filter>
    </ClInclude>
    <ClInclude Include="Constants.h">
      <Filter>Resource Files</Filter>
    </ClInclude>
    <ClInclude Include="ContactListener.h">
      <Filter>Physics</Filter>
    </ClInclude>
    <ClInclude Include="PhysicsDevice.h">
      <Filter>Physics</Filter>
    </ClInclude>
    <ClInclude Include="bulletC.h">
      <Filter>Entities\Components\Entities</Filter>
    </ClInclude>
    <ClInclude Include="..\..\RPGGame\GameTutorials2-RPG\glext.h">
      <Filter>Physics</Filter>
    </ClInclude>
    <ClInclude Include="b2GLDraw.h">
      <Filter>Physics</Filter>
    </ClInclude>
  </ItemGroup>
  <ItemGroup>
    <None Include="vertex_shader.vert">
      <Filter>Shaders</Filter>
    </None>
    <None Include="fragment_shader.frag">
      <Filter>Shaders</Filter>
    </None>
    <None Include="bullet_shader.frag">
      <Filter>Shaders</Filter>
    </None>
  </ItemGroup>
  <ItemGroup>
    <Xml Include="test.xml">
      <Filter>Resource Files</Filter>
    </Xml>
    <Xml Include="enemyComponent.xml">
      <Filter>Resource Files</Filter>
    </Xml>
    <Xml Include="itemGeneration.xml">
      <Filter>Resource Files</Filter>
    </Xml>
  </ItemGroup>
</Project>